
Microsoft Visual Studio Solution File, Format Version 12.00
# Visual Studio Version 16
VisualStudioVersion = 16.0.29905.134
MinimumVisualStudioVersion = 10.0.40219.1
Project("{9A19103F-16F7-4668-BE54-9A1E7A4F7556}") = "ImageObjDetection.API", "ImageObjDetection.API\ImageObjDetection.API.csproj", "{E145AE0D-6470-4713-B8E2-B2703470CF95}"
EndProject
Project("{9A19103F-16F7-4668-BE54-9A1E7A4F7556}") = "OnnxObjectDetection", "OnnxObjectDetection\OnnxObjectDetection.csproj", "{8886E1A0-AD45-4E3E-8930-3D023F7AF4EF}"
EndProject
Project("{9A19103F-16F7-4668-BE54-9A1E7A4F7556}") = "OnnxObjectDetectionWeb", "OnnxObjectDetectionWeb\OnnxObjectDetectionWeb.csproj", "{009560EC-DF89-4135-8E88-DEDBC0E118EA}"
EndProject
Global
	GlobalSection(SolutionConfigurationPlatforms) = preSolution
		Debug|Any CPU = Debug|Any CPU
		Release|Any CPU = Release|Any CPU
	EndGlobalSection
	GlobalSection(ProjectConfigurationPlatforms) = postSolution
		{E145AE0D-6470-4713-B8E2-B2703470CF95}.Debug|Any CPU.ActiveCfg = Debug|Any CPU
		{E145AE0D-6470-4713-B8E2-B2703470CF95}.Debug|Any CPU.Build.0 = Debug|Any CPU
		{E145AE0D-6470-4713-B8E2-B2703470CF95}.Release|Any CPU.ActiveCfg = Release|Any CPU
		{E145AE0D-6470-4713-B8E2-B2703470CF95}.Release|Any CPU.Build.0 = Release|Any CPU
		{8886E1A0-AD45-4E3E-8930-3D023F7AF4EF}.Debug|Any CPU.ActiveCfg = Debug|Any CPU
		{8886E1A0-AD45-4E3E-8930-3D023F7AF4EF}.Debug|Any CPU.Build.0 = Debug|Any CPU
		{8886E1A0-AD45-4E3E-8930-3D023F7AF4EF}.Release|Any CPU.ActiveCfg = Release|Any CPU
		{8886E1A0-AD45-4E3E-8930-3D023F7AF4EF}.Release|Any CPU.Build.0 = Release|Any CPU
		{009560EC-DF89-4135-8E88-DEDBC0E118EA}.Debug|Any CPU.ActiveCfg = Debug|Any CPU
		{009560EC-DF89-4135-8E88-DEDBC0E118EA}.Debug|Any CPU.Build.0 = Debug|Any CPU
		{009560EC-DF89-4135-8E88-DEDBC0E118EA}.Release|Any CPU.ActiveCfg = Release|Any CPU
		{009560EC-DF89-4135-8E88-DEDBC0E118EA}.Release|Any CPU.Build.0 = Release|Any CPU
	EndGlobalSection
	GlobalSection(SolutionProperties) = preSolution
		HideSolutionNode = FALSE
	EndGlobalSection
	GlobalSection(ExtensibilityGlobals) = postSolution
		SolutionGuid = {00AE9D93-CA0A-40C1-AAC7-D9E73946E4A0}
	EndGlobalSection
EndGlobal
